
Microsoft Visual Studio Solution File, Format Version 12.00
# Visual Studio Version 16
VisualStudioVersion = 16.0.30011.22
MinimumVisualStudioVersion = 10.0.40219.1
Project("{FAE04EC0-301F-11D3-BF4B-00C04F79EFBC}") = "Lab04.Android", "Lab04\Lab04.Android\Lab04.Android.csproj", "{3B35299F-568D-4652-A880-BD4A1B3AD73C}"
EndProject
Project("{FAE04EC0-301F-11D3-BF4B-00C04F79EFBC}") = "Lab04.iOS", "Lab04\Lab04.iOS\Lab04.iOS.csproj", "{D7138AAD-7B2B-4443-B5F3-52BA1F3C7244}"
EndProject
Project("{FAE04EC0-301F-11D3-BF4B-00C04F79EFBC}") = "Lab04", "Lab04\Lab04\Lab04.csproj", "{690EF1F3-BA33-40BD-A483-FFC368C2BECD}"
EndProject
Global
	GlobalSection(SolutionConfigurationPlatforms) = preSolution
		Debug|Any CPU = Debug|Any CPU
		Debug|iPhone = Debug|iPhone
		Debug|iPhoneSimulator = Debug|iPhoneSimulator
		Release|Any CPU = Release|Any CPU
		Release|iPhone = Release|iPhone
		Release|iPhoneSimulator = Release|iPhoneSimulator
	EndGlobalSection
	GlobalSection(ProjectConfigurationPlatforms) = postSolution
		{3B35299F-568D-4652-A880-BD4A1B3AD73C}.Debug|Any CPU.ActiveCfg = Debug|Any CPU
		{3B35299F-568D-4652-A880-BD4A1B3AD73C}.Debug|Any CPU.Build.0 = Debug|Any CPU
		{3B35299F-568D-4652-A880-BD4A1B3AD73C}.Debug|Any CPU.Deploy.0 = Debug|Any CPU
		{3B35299F-568D-4652-A880-BD4A1B3AD73C}.Debug|iPhone.ActiveCfg = Debug|Any CPU
		{3B35299F-568D-4652-A880-BD4A1B3AD73C}.Debug|iPhone.Build.0 = Debug|Any CPU
		{3B35299F-568D-4652-A880-BD4A1B3AD73C}.Debug|iPhone.Deploy.0 = Debug|Any CPU
		{3B35299F-568D-4652-A880-BD4A1B3AD73C}.Debug|iPhoneSimulator.ActiveCfg = Debug|Any CPU
		{3B35299F-568D-4652-A880-BD4A1B3AD73C}.Debug|iPhoneSimulator.Build.0 = Debug|Any CPU
		{3B35299F-568D-4652-A880-BD4A1B3AD73C}.Debug|iPhoneSimulator.Deploy.0 = Debug|Any CPU
		{3B35299F-568D-4652-A880-BD4A1B3AD73C}.Release|Any CPU.ActiveCfg = Release|Any CPU
		{3B35299F-568D-4652-A880-BD4A1B3AD73C}.Release|Any CPU.Build.0 = Release|Any CPU
		{3B35299F-568D-4652-A880-BD4A1B3AD73C}.Release|Any CPU.Deploy.0 = Release|Any CPU
		{3B35299F-568D-4652-A880-BD4A1B3AD73C}.Release|iPhone.ActiveCfg = Release|Any CPU
		{3B35299F-568D-4652-A880-BD4A1B3AD73C}.Release|iPhone.Build.0 = Release|Any CPU
		{3B35299F-568D-4652-A880-BD4A1B3AD73C}.Release|iPhone.Deploy.0 = Release|Any CPU
		{3B35299F-568D-4652-A880-BD4A1B3AD73C}.Release|iPhoneSimulator.ActiveCfg = Release|Any CPU
		{3B35299F-568D-4652-A880-BD4A1B3AD73C}.Release|iPhoneSimulator.Build.0 = Release|Any CPU
		{3B35299F-568D-4652-A880-BD4A1B3AD73C}.Release|iPhoneSimulator.Deploy.0 = Release|Any CPU
		{D7138AAD-7B2B-4443-B5F3-52BA1F3C7244}.Debug|Any CPU.ActiveCfg = Debug|iPhone
		{D7138AAD-7B2B-4443-B5F3-52BA1F3C7244}.Debug|Any CPU.Build.0 = Debug|iPhone
		{D7138AAD-7B2B-4443-B5F3-52BA1F3C7244}.Debug|Any CPU.Deploy.0 = Debug|iPhone
		{D7138AAD-7B2B-4443-B5F3-52BA1F3C7244}.Debug|iPhone.ActiveCfg = Debug|iPhone
		{D7138AAD-7B2B-4443-B5F3-52BA1F3C7244}.Debug|iPhone.Build.0 = Debug|iPhone
		{D7138AAD-7B2B-4443-B5F3-52BA1F3C7244}.Debug|iPhone.Deploy.0 = Debug|iPhone
		{D7138AAD-7B2B-4443-B5F3-52BA1F3C7244}.Debug|iPhoneSimulator.ActiveCfg = Debug|iPhoneSimulator
		{D7138AAD-7B2B-4443-B5F3-52BA1F3C7244}.Debug|iPhoneSimulator.Build.0 = Debug|iPhoneSimulator
		{D7138AAD-7B2B-4443-B5F3-52BA1F3C7244}.Debug|iPhoneSimulator.Deploy.0 = Debug|iPhoneSimulator
		{D7138AAD-7B2B-4443-B5F3-52BA1F3C7244}.Release|Any CPU.ActiveCfg = Release|iPhone
		{D7138AAD-7B2B-4443-B5F3-52BA1F3C7244}.Release|Any CPU.Build.0 = Release|iPhone
		{D7138AAD-7B2B-4443-B5F3-52BA1F3C7244}.Release|Any CPU.Deploy.0 = Release|iPhone
		{D7138AAD-7B2B-4443-B5F3-52BA1F3C7244}.Release|iPhone.ActiveCfg = Release|iPhone
		{D7138AAD-7B2B-4443-B5F3-52BA1F3C7244}.Release|iPhone.Build.0 = Release|iPhone
		{D7138AAD-7B2B-4443-B5F3-52BA1F3C7244}.Release|iPhone.Deploy.0 = Release|iPhone
		{D7138AAD-7B2B-4443-B5F3-52BA1F3C7244}.Release|iPhoneSimulator.ActiveCfg = Release|iPhoneSimulator
		{D7138AAD-7B2B-4443-B5F3-52BA1F3C7244}.Release|iPhoneSimulator.Build.0 = Release|iPhoneSimulator
		{D7138AAD-7B2B-4443-B5F3-52BA1F3C7244}.Release|iPhoneSimulator.Deploy.0 = Release|iPhoneSimulator
		{690EF1F3-BA33-40BD-A483-FFC368C2BECD}.Debug|Any CPU.ActiveCfg = Debug|Any CPU
		{690EF1F3-BA33-40BD-A483-FFC368C2BECD}.Debug|Any CPU.Build.0 = Debug|Any CPU
		{690EF1F3-BA33-40BD-A483-FFC368C2BECD}.Debug|Any CPU.Deploy.0 = Debug|Any CPU
		{690EF1F3-BA33-40BD-A483-FFC368C2BECD}.Debug|iPhone.ActiveCfg = Debug|Any CPU
		{690EF1F3-BA33-40BD-A483-FFC368C2BECD}.Debug|iPhone.Build.0 = Debug|Any CPU
		{690EF1F3-BA33-40BD-A483-FFC368C2BECD}.Debug|iPhone.Deploy.0 = Debug|Any CPU
		{690EF1F3-BA33-40BD-A483-FFC368C2BECD}.Debug|iPhoneSimulator.ActiveCfg = Debug|Any CPU
		{690EF1F3-BA33-40BD-A483-FFC368C2BECD}.Debug|iPhoneSimulator.Build.0 = Debug|Any CPU
		{690EF1F3-BA33-40BD-A483-FFC368C2BECD}.Debug|iPhoneSimulator.Deploy.0 = Debug|Any CPU
		{690EF1F3-BA33-40BD-A483-FFC368C2BECD}.Release|Any CPU.ActiveCfg = Release|Any CPU
		{690EF1F3-BA33-40BD-A483-FFC368C2BECD}.Release|Any CPU.Build.0 = Release|Any CPU
		{690EF1F3-BA33-40BD-A483-FFC368C2BECD}.Release|Any CPU.Deploy.0 = Release|Any CPU
		{690EF1F3-BA33-40BD-A483-FFC368C2BECD}.Release|iPhone.ActiveCfg = Release|Any CPU
		{690EF1F3-BA33-40BD-A483-FFC368C2BECD}.Release|iPhone.Build.0 = Release|Any CPU
		{690EF1F3-BA33-40BD-A483-FFC368C2BECD}.Release|iPhone.Deploy.0 = Release|Any CPU
		{690EF1F3-BA33-40BD-A483-FFC368C2BECD}.Release|iPhoneSimulator.ActiveCfg = Release|Any CPU
		{690EF1F3-BA33-40BD-A483-FFC368C2BECD}.Release|iPhoneSimulator.Build.0 = Release|Any CPU
		{690EF1F3-BA33-40BD-A483-FFC368C2BECD}.Release|iPhoneSimulator.Deploy.0 = Release|Any CPU
	EndGlobalSection
	GlobalSection(SolutionProperties) = preSolution
		HideSolutionNode = FALSE
	EndGlobalSection
	GlobalSection(ExtensibilityGlobals) = postSolution
		SolutionGuid = {2C78B9BB-DA7C-4304-AFBD-3599ED6B56E9}
	EndGlobalSection
EndGlobal
